
Microsoft Visual Studio Solution File, Format Version 12.00
Project("{FAE04EC0-301F-11D3-BF4B-00C04F79EFBC}") = "Cw1", "Cw1\Cw1.csproj", "{ADF0AF06-2D48-40AE-BCFD-A189F69A8DFF}"
EndProject
Global
	GlobalSection(SolutionConfigurationPlatforms) = preSolution
		Debug|Any CPU = Debug|Any CPU
		Release|Any CPU = Release|Any CPU
	EndGlobalSection
	GlobalSection(ProjectConfigurationPlatforms) = postSolution
		{ADF0AF06-2D48-40AE-BCFD-A189F69A8DFF}.Debug|Any CPU.ActiveCfg = Debug|Any CPU
		{ADF0AF06-2D48-40AE-BCFD-A189F69A8DFF}.Debug|Any CPU.Build.0 = Debug|Any CPU
		{ADF0AF06-2D48-40AE-BCFD-A189F69A8DFF}.Release|Any CPU.ActiveCfg = Release|Any CPU
		{ADF0AF06-2D48-40AE-BCFD-A189F69A8DFF}.Release|Any CPU.Build.0 = Release|Any CPU
	EndGlobalSection
EndGlobal
